
Microsoft Visual Studio Solution File, Format Version 12.00
# Visual Studio Version 16
VisualStudioVersion = 16.0.32002.261
MinimumVisualStudioVersion = 10.0.40219.1
Project("{FAE04EC0-301F-11D3-BF4B-00C04F79EFBC}") = "ProjectAngular", "ProjectAngular.csproj", "{2CF9AA01-D9B4-4E70-BCF5-31F6C75F9DE6}"
EndProject
Global
	GlobalSection(SolutionConfigurationPlatforms) = preSolution
		Debug|Any CPU = Debug|Any CPU
		Release|Any CPU = Release|Any CPU
	EndGlobalSection
	GlobalSection(ProjectConfigurationPlatforms) = postSolution
		{2CF9AA01-D9B4-4E70-BCF5-31F6C75F9DE6}.Debug|Any CPU.ActiveCfg = Debug|Any CPU
		{2CF9AA01-D9B4-4E70-BCF5-31F6C75F9DE6}.Debug|Any CPU.Build.0 = Debug|Any CPU
		{2CF9AA01-D9B4-4E70-BCF5-31F6C75F9DE6}.Release|Any CPU.ActiveCfg = Release|Any CPU
		{2CF9AA01-D9B4-4E70-BCF5-31F6C75F9DE6}.Release|Any CPU.Build.0 = Release|Any CPU
	EndGlobalSection
	GlobalSection(SolutionProperties) = preSolution
		HideSolutionNode = FALSE
	EndGlobalSection
	GlobalSection(ExtensibilityGlobals) = postSolution
		SolutionGuid = {342C4481-FA0B-43D4-A52B-A609A5C5A36F}
	EndGlobalSection
EndGlobal
